
Microsoft Visual Studio Solution File, Format Version 12.00
# Visual Studio Version 16
VisualStudioVersion = 16.0.31624.102
MinimumVisualStudioVersion = 10.0.40219.1
Project("{FAE04EC0-301F-11D3-BF4B-00C04F79EFBC}") = "CursosUni", "CursosUni\CursosUni.csproj", "{22A674B9-CE27-4C13-8711-0D34F6E666E3}"
EndProject
Project("{FAE04EC0-301F-11D3-BF4B-00C04F79EFBC}") = "DAL", "DAL\DAL.csproj", "{787D39FE-51CF-4416-9D18-B73A9340ED78}"
EndProject
Global
	GlobalSection(SolutionConfigurationPlatforms) = preSolution
		Debug|Any CPU = Debug|Any CPU
		Release|Any CPU = Release|Any CPU
	EndGlobalSection
	GlobalSection(ProjectConfigurationPlatforms) = postSolution
		{22A674B9-CE27-4C13-8711-0D34F6E666E3}.Debug|Any CPU.ActiveCfg = Debug|Any CPU
		{22A674B9-CE27-4C13-8711-0D34F6E666E3}.Debug|Any CPU.Build.0 = Debug|Any CPU
		{22A674B9-CE27-4C13-8711-0D34F6E666E3}.Release|Any CPU.ActiveCfg = Release|Any CPU
		{22A674B9-CE27-4C13-8711-0D34F6E666E3}.Release|Any CPU.Build.0 = Release|Any CPU
		{787D39FE-51CF-4416-9D18-B73A9340ED78}.Debug|Any CPU.ActiveCfg = Debug|Any CPU
		{787D39FE-51CF-4416-9D18-B73A9340ED78}.Debug|Any CPU.Build.0 = Debug|Any CPU
		{787D39FE-51CF-4416-9D18-B73A9340ED78}.Release|Any CPU.ActiveCfg = Release|Any CPU
		{787D39FE-51CF-4416-9D18-B73A9340ED78}.Release|Any CPU.Build.0 = Release|Any CPU
	EndGlobalSection
	GlobalSection(SolutionProperties) = preSolution
		HideSolutionNode = FALSE
	EndGlobalSection
	GlobalSection(ExtensibilityGlobals) = postSolution
		SolutionGuid = {8A37AE84-0301-4C13-866E-69B4CA98365E}
	EndGlobalSection
EndGlobal
